
Microsoft Visual Studio Solution File, Format Version 12.00
# Visual Studio Version 17
VisualStudioVersion = 17.1.32210.238
MinimumVisualStudioVersion = 10.0.40219.1
Project("{FAE04EC0-301F-11D3-BF4B-00C04F79EFBC}") = "webapp", "webapp.csproj", "{255D5839-A040-4899-A30F-F046EE0B9D87}"
EndProject
Global
	GlobalSection(SolutionConfigurationPlatforms) = preSolution
		Debug|Any CPU = Debug|Any CPU
		Release|Any CPU = Release|Any CPU
	EndGlobalSection
	GlobalSection(ProjectConfigurationPlatforms) = postSolution
		{255D5839-A040-4899-A30F-F046EE0B9D87}.Debug|Any CPU.ActiveCfg = Debug|Any CPU
		{255D5839-A040-4899-A30F-F046EE0B9D87}.Debug|Any CPU.Build.0 = Debug|Any CPU
		{255D5839-A040-4899-A30F-F046EE0B9D87}.Release|Any CPU.ActiveCfg = Release|Any CPU
		{255D5839-A040-4899-A30F-F046EE0B9D87}.Release|Any CPU.Build.0 = Release|Any CPU
	EndGlobalSection
	GlobalSection(SolutionProperties) = preSolution
		HideSolutionNode = FALSE
	EndGlobalSection
	GlobalSection(ExtensibilityGlobals) = postSolution
		SolutionGuid = {495DF564-7BF2-46C4-A4F9-B9DA175E43F8}
	EndGlobalSection
EndGlobal
